
Microsoft Visual Studio Solution File, Format Version 11.00
# Visual Studio 2010
Project("{FAE04EC0-301F-11D3-BF4B-00C04F79EFBC}") = "Employee Manager", "Employee Manager\Employee Manager.csproj", "{0F898331-39C1-4DD3-B052-4F4027E91CAB}"
EndProject
Project("{840C416C-B8F3-42BC-B0DD-F6BB14C9F8CB}") = "AM Installer", "AM Installer\AM Installer.aiproj", "{6F7CEBE5-3014-47C2-A590-245106F458D0}"
	ProjectSection(ProjectDependencies) = postProject
		{0F898331-39C1-4DD3-B052-4F4027E91CAB} = {0F898331-39C1-4DD3-B052-4F4027E91CAB}
	EndProjectSection
EndProject
Global
	GlobalSection(SolutionConfigurationPlatforms) = preSolution
		Debug|x64 = Debug|x64
		Debug|x86 = Debug|x86
		Release|x64 = Release|x64
		Release|x86 = Release|x86
	EndGlobalSection
	GlobalSection(ProjectConfigurationPlatforms) = postSolution
		{0F898331-39C1-4DD3-B052-4F4027E91CAB}.Debug|x64.ActiveCfg = Debug|x64
		{0F898331-39C1-4DD3-B052-4F4027E91CAB}.Debug|x64.Build.0 = Debug|x64
		{0F898331-39C1-4DD3-B052-4F4027E91CAB}.Debug|x86.ActiveCfg = Debug|x86
		{0F898331-39C1-4DD3-B052-4F4027E91CAB}.Debug|x86.Build.0 = Debug|x86
		{0F898331-39C1-4DD3-B052-4F4027E91CAB}.Release|x64.ActiveCfg = Release|x64
		{0F898331-39C1-4DD3-B052-4F4027E91CAB}.Release|x64.Build.0 = Release|x64
		{0F898331-39C1-4DD3-B052-4F4027E91CAB}.Release|x86.ActiveCfg = Release|x86
		{0F898331-39C1-4DD3-B052-4F4027E91CAB}.Release|x86.Build.0 = Release|x86
		{6F7CEBE5-3014-47C2-A590-245106F458D0}.Debug|x64.ActiveCfg = All
		{6F7CEBE5-3014-47C2-A590-245106F458D0}.Debug|x64.Build.0 = All
		{6F7CEBE5-3014-47C2-A590-245106F458D0}.Debug|x86.ActiveCfg = All
		{6F7CEBE5-3014-47C2-A590-245106F458D0}.Debug|x86.Build.0 = All
		{6F7CEBE5-3014-47C2-A590-245106F458D0}.Release|x64.ActiveCfg = All
		{6F7CEBE5-3014-47C2-A590-245106F458D0}.Release|x64.Build.0 = All
		{6F7CEBE5-3014-47C2-A590-245106F458D0}.Release|x86.ActiveCfg = All
		{6F7CEBE5-3014-47C2-A590-245106F458D0}.Release|x86.Build.0 = All
	EndGlobalSection
	GlobalSection(SolutionProperties) = preSolution
		HideSolutionNode = FALSE
	EndGlobalSection
EndGlobal
